
Microsoft Visual Studio Solution File, Format Version 12.00
# Visual Studio Version 17
VisualStudioVersion = 17.14.36414.22 d17.14
MinimumVisualStudioVersion = 10.0.40219.1
Project("{FAE04EC0-301F-11D3-BF4B-00C04F79EFBC}") = "lab41", "lab41\lab41.csproj", "{53717AB2-F621-4C65-99A2-FFE2729E574D}"
EndProject
Global
	GlobalSection(SolutionConfigurationPlatforms) = preSolution
		Debug|Any CPU = Debug|Any CPU
		Release|Any CPU = Release|Any CPU
	EndGlobalSection
	GlobalSection(ProjectConfigurationPlatforms) = postSolution
		{53717AB2-F621-4C65-99A2-FFE2729E574D}.Debug|Any CPU.ActiveCfg = Debug|Any CPU
		{53717AB2-F621-4C65-99A2-FFE2729E574D}.Debug|Any CPU.Build.0 = Debug|Any CPU
		{53717AB2-F621-4C65-99A2-FFE2729E574D}.Release|Any CPU.ActiveCfg = Release|Any CPU
		{53717AB2-F621-4C65-99A2-FFE2729E574D}.Release|Any CPU.Build.0 = Release|Any CPU
	EndGlobalSection
	GlobalSection(SolutionProperties) = preSolution
		HideSolutionNode = FALSE
	EndGlobalSection
	GlobalSection(ExtensibilityGlobals) = postSolution
		SolutionGuid = {6A9C4255-5403-4B3E-8A7D-E84744282219}
	EndGlobalSection
EndGlobal
