
Microsoft Visual Studio Solution File, Format Version 12.00
# Visual Studio Version 17
VisualStudioVersion = 17.14.36414.22 d17.14
MinimumVisualStudioVersion = 10.0.40219.1
Project("{FAE04EC0-301F-11D3-BF4B-00C04F79EFBC}") = "labd2", "labd2\labd2.csproj", "{59D2F519-FC67-48FA-972D-B1DFB3F1A718}"
EndProject
Global
	GlobalSection(SolutionConfigurationPlatforms) = preSolution
		Debug|Any CPU = Debug|Any CPU
		Release|Any CPU = Release|Any CPU
	EndGlobalSection
	GlobalSection(ProjectConfigurationPlatforms) = postSolution
		{59D2F519-FC67-48FA-972D-B1DFB3F1A718}.Debug|Any CPU.ActiveCfg = Debug|Any CPU
		{59D2F519-FC67-48FA-972D-B1DFB3F1A718}.Debug|Any CPU.Build.0 = Debug|Any CPU
		{59D2F519-FC67-48FA-972D-B1DFB3F1A718}.Release|Any CPU.ActiveCfg = Release|Any CPU
		{59D2F519-FC67-48FA-972D-B1DFB3F1A718}.Release|Any CPU.Build.0 = Release|Any CPU
	EndGlobalSection
	GlobalSection(SolutionProperties) = preSolution
		HideSolutionNode = FALSE
	EndGlobalSection
	GlobalSection(ExtensibilityGlobals) = postSolution
		SolutionGuid = {1F04CFE8-0184-4B90-90F6-730ABE618442}
	EndGlobalSection
EndGlobal
